
Microsoft Visual Studio Solution File, Format Version 12.00
# Visual Studio 15
VisualStudioVersion = 15.0.27130.2036
MinimumVisualStudioVersion = 10.0.40219.1
Project("{FAE04EC0-301F-11D3-BF4B-00C04F79EFBC}") = "ConsoleApp1", "ConsoleApp1\ConsoleApp1.csproj", "{61F8597F-86DE-4B33-A574-B187D22B135A}"
EndProject
Project("{FAE04EC0-301F-11D3-BF4B-00C04F79EFBC}") = "Sort_Col", "Sort_Col\Sort_Col.csproj", "{C93FD903-2CF5-44DB-B335-52DD2D4D9BC8}"
EndProject
Project("{FAE04EC0-301F-11D3-BF4B-00C04F79EFBC}") = "Random", "Random\Random.csproj", "{5C94DABE-8343-4638-8626-041939B12306}"
EndProject
Project("{FAE04EC0-301F-11D3-BF4B-00C04F79EFBC}") = "Const", "Const\Const.csproj", "{8224AE51-72B1-4823-9DE3-EFD45BD023E5}"
EndProject
Project("{FAE04EC0-301F-11D3-BF4B-00C04F79EFBC}") = "InputConsole", "InputConsole\InputConsole.csproj", "{42E48592-8F27-4CAA-9A77-1A9F0DE2D650}"
EndProject
Project("{FAE04EC0-301F-11D3-BF4B-00C04F79EFBC}") = "Equal", "Equal\Equal.csproj", "{5731CE1B-764A-4332-9EA7-97BA04C5C051}"
EndProject
Project("{FAE04EC0-301F-11D3-BF4B-00C04F79EFBC}") = "for_foreach", "for_foreach\for_foreach.csproj", "{82033C57-AC3F-4262-8428-C0B1DD14BBED}"
EndProject
Project("{FAE04EC0-301F-11D3-BF4B-00C04F79EFBC}") = "if", "if\if.csproj", "{CAF96CA3-2F1A-4691-9B0E-1CC877A8A527}"
EndProject
Global
	GlobalSection(SolutionConfigurationPlatforms) = preSolution
		Debug|Any CPU = Debug|Any CPU
		Release|Any CPU = Release|Any CPU
	EndGlobalSection
	GlobalSection(ProjectConfigurationPlatforms) = postSolution
		{61F8597F-86DE-4B33-A574-B187D22B135A}.Debug|Any CPU.ActiveCfg = Debug|Any CPU
		{61F8597F-86DE-4B33-A574-B187D22B135A}.Debug|Any CPU.Build.0 = Debug|Any CPU
		{61F8597F-86DE-4B33-A574-B187D22B135A}.Release|Any CPU.ActiveCfg = Release|Any CPU
		{61F8597F-86DE-4B33-A574-B187D22B135A}.Release|Any CPU.Build.0 = Release|Any CPU
		{C93FD903-2CF5-44DB-B335-52DD2D4D9BC8}.Debug|Any CPU.ActiveCfg = Debug|Any CPU
		{C93FD903-2CF5-44DB-B335-52DD2D4D9BC8}.Debug|Any CPU.Build.0 = Debug|Any CPU
		{C93FD903-2CF5-44DB-B335-52DD2D4D9BC8}.Release|Any CPU.ActiveCfg = Release|Any CPU
		{C93FD903-2CF5-44DB-B335-52DD2D4D9BC8}.Release|Any CPU.Build.0 = Release|Any CPU
		{5C94DABE-8343-4638-8626-041939B12306}.Debug|Any CPU.ActiveCfg = Debug|Any CPU
		{5C94DABE-8343-4638-8626-041939B12306}.Debug|Any CPU.Build.0 = Debug|Any CPU
		{5C94DABE-8343-4638-8626-041939B12306}.Release|Any CPU.ActiveCfg = Release|Any CPU
		{5C94DABE-8343-4638-8626-041939B12306}.Release|Any CPU.Build.0 = Release|Any CPU
		{8224AE51-72B1-4823-9DE3-EFD45BD023E5}.Debug|Any CPU.ActiveCfg = Debug|Any CPU
		{8224AE51-72B1-4823-9DE3-EFD45BD023E5}.Debug|Any CPU.Build.0 = Debug|Any CPU
		{8224AE51-72B1-4823-9DE3-EFD45BD023E5}.Release|Any CPU.ActiveCfg = Release|Any CPU
		{8224AE51-72B1-4823-9DE3-EFD45BD023E5}.Release|Any CPU.Build.0 = Release|Any CPU
		{42E48592-8F27-4CAA-9A77-1A9F0DE2D650}.Debug|Any CPU.ActiveCfg = Debug|Any CPU
		{42E48592-8F27-4CAA-9A77-1A9F0DE2D650}.Debug|Any CPU.Build.0 = Debug|Any CPU
		{42E48592-8F27-4CAA-9A77-1A9F0DE2D650}.Release|Any CPU.ActiveCfg = Release|Any CPU
		{42E48592-8F27-4CAA-9A77-1A9F0DE2D650}.Release|Any CPU.Build.0 = Release|Any CPU
		{5731CE1B-764A-4332-9EA7-97BA04C5C051}.Debug|Any CPU.ActiveCfg = Debug|Any CPU
		{5731CE1B-764A-4332-9EA7-97BA04C5C051}.Debug|Any CPU.Build.0 = Debug|Any CPU
		{5731CE1B-764A-4332-9EA7-97BA04C5C051}.Release|Any CPU.ActiveCfg = Release|Any CPU
		{5731CE1B-764A-4332-9EA7-97BA04C5C051}.Release|Any CPU.Build.0 = Release|Any CPU
		{82033C57-AC3F-4262-8428-C0B1DD14BBED}.Debug|Any CPU.ActiveCfg = Debug|Any CPU
		{82033C57-AC3F-4262-8428-C0B1DD14BBED}.Debug|Any CPU.Build.0 = Debug|Any CPU
		{82033C57-AC3F-4262-8428-C0B1DD14BBED}.Release|Any CPU.ActiveCfg = Release|Any CPU
		{82033C57-AC3F-4262-8428-C0B1DD14BBED}.Release|Any CPU.Build.0 = Release|Any CPU
		{CAF96CA3-2F1A-4691-9B0E-1CC877A8A527}.Debug|Any CPU.ActiveCfg = Debug|Any CPU
		{CAF96CA3-2F1A-4691-9B0E-1CC877A8A527}.Debug|Any CPU.Build.0 = Debug|Any CPU
		{CAF96CA3-2F1A-4691-9B0E-1CC877A8A527}.Release|Any CPU.ActiveCfg = Release|Any CPU
		{CAF96CA3-2F1A-4691-9B0E-1CC877A8A527}.Release|Any CPU.Build.0 = Release|Any CPU
	EndGlobalSection
	GlobalSection(SolutionProperties) = preSolution
		HideSolutionNode = FALSE
	EndGlobalSection
	GlobalSection(ExtensibilityGlobals) = postSolution
		SolutionGuid = {1615A2AA-2A34-48B0-8CAA-4F02B217B354}
	EndGlobalSection
EndGlobal
